
Microsoft Visual Studio Solution File, Format Version 12.00
# Visual Studio Version 17
VisualStudioVersion = 17.2.32630.192
MinimumVisualStudioVersion = 10.0.40219.1
Project("{888888A0-9F3D-457C-B088-3A5042F75D52}") = "Shogi", "Shogi\Shogi.pyproj", "{6252E94B-DCF6-4D25-A1B9-71C721838276}"
EndProject
Global
	GlobalSection(SolutionConfigurationPlatforms) = preSolution
		Debug|Any CPU = Debug|Any CPU
		Release|Any CPU = Release|Any CPU
	EndGlobalSection
	GlobalSection(ProjectConfigurationPlatforms) = postSolution
		{6252E94B-DCF6-4D25-A1B9-71C721838276}.Debug|Any CPU.ActiveCfg = Debug|Any CPU
		{6252E94B-DCF6-4D25-A1B9-71C721838276}.Release|Any CPU.ActiveCfg = Release|Any CPU
	EndGlobalSection
	GlobalSection(SolutionProperties) = preSolution
		HideSolutionNode = FALSE
	EndGlobalSection
	GlobalSection(ExtensibilityGlobals) = postSolution
		SolutionGuid = {BE164EA7-AD27-4EE9-9565-F34856A4E0B6}
	EndGlobalSection
EndGlobal
